
Microsoft Visual Studio Solution File, Format Version 12.00
# Visual Studio Version 17
VisualStudioVersion = 17.1.32228.430
MinimumVisualStudioVersion = 10.0.40219.1
Project("{FAE04EC0-301F-11D3-BF4B-00C04F79EFBC}") = "zipCompressConsole", "zipCompressConsole.csproj", "{1CA8AE12-1FDD-47DA-B9EF-E9E72E05349A}"
EndProject
Global
	GlobalSection(SolutionConfigurationPlatforms) = preSolution
		Debug|Any CPU = Debug|Any CPU
		Release|Any CPU = Release|Any CPU
	EndGlobalSection
	GlobalSection(ProjectConfigurationPlatforms) = postSolution
		{1CA8AE12-1FDD-47DA-B9EF-E9E72E05349A}.Debug|Any CPU.ActiveCfg = Debug|Any CPU
		{1CA8AE12-1FDD-47DA-B9EF-E9E72E05349A}.Debug|Any CPU.Build.0 = Debug|Any CPU
		{1CA8AE12-1FDD-47DA-B9EF-E9E72E05349A}.Release|Any CPU.ActiveCfg = Release|Any CPU
		{1CA8AE12-1FDD-47DA-B9EF-E9E72E05349A}.Release|Any CPU.Build.0 = Release|Any CPU
	EndGlobalSection
	GlobalSection(SolutionProperties) = preSolution
		HideSolutionNode = FALSE
	EndGlobalSection
	GlobalSection(ExtensibilityGlobals) = postSolution
		SolutionGuid = {6413F809-FACA-4CD6-B075-0688A8044368}
	EndGlobalSection
EndGlobal
